
Microsoft Visual Studio Solution File, Format Version 12.00
# Visual Studio Version 16
VisualStudioVersion = 16.0.30621.155
MinimumVisualStudioVersion = 10.0.40219.1
Project("{FAE04EC0-301F-11D3-BF4B-00C04F79EFBC}") = "LINQ.ConsoleApp", "LINQ.Console\LINQ.ConsoleApp.csproj", "{C42BB69F-972A-4334-AAF2-7D805CC020AE}"
EndProject
Global
	GlobalSection(SolutionConfigurationPlatforms) = preSolution
		Debug|Any CPU = Debug|Any CPU
		Release|Any CPU = Release|Any CPU
	EndGlobalSection
	GlobalSection(ProjectConfigurationPlatforms) = postSolution
		{C42BB69F-972A-4334-AAF2-7D805CC020AE}.Debug|Any CPU.ActiveCfg = Debug|Any CPU
		{C42BB69F-972A-4334-AAF2-7D805CC020AE}.Debug|Any CPU.Build.0 = Debug|Any CPU
		{C42BB69F-972A-4334-AAF2-7D805CC020AE}.Release|Any CPU.ActiveCfg = Release|Any CPU
		{C42BB69F-972A-4334-AAF2-7D805CC020AE}.Release|Any CPU.Build.0 = Release|Any CPU
	EndGlobalSection
	GlobalSection(SolutionProperties) = preSolution
		HideSolutionNode = FALSE
	EndGlobalSection
	GlobalSection(ExtensibilityGlobals) = postSolution
		SolutionGuid = {AC9DBE23-53D2-447D-9864-F0335AB412BD}
	EndGlobalSection
EndGlobal
